github.com/Nordix/mconnect/pkg/rndip/v2 v2.0.0-20240902162515-1be1c6090854 h1:ePSC/+lD4w8GyjGEdqSK/Pc4a/MOXu1HFtDgQjpWy3Q=
github.com/Nordix/mconnect/pkg/rndip/v2 v2.0.0-20240902162515-1be1c6090854/go.mod h1:JbNTxVTSoYTxcm7PE9Ulg+lIDjti5Ek/tnIg635rKvI=
github.com/brucespang/go-tcpinfo v0.0.0-20161205163524-e6cc7410d081 h1:HvONGiFXAvZGq6y2lX/gUQOD0vfylQTjC7z5vNV8qCc=
github.com/brucespang/go-tcpinfo v0.0.0-20161205163524-e6cc7410d081/go.mod h1:8a7quM0KlDusdd6l2h4LgIPMRVD4MRqHsilLl3sse5A=
golang.org/x/net v0.0.0-20210525063256-abc453219eb5 h1:wjuX4b5yYQnEQHzd+CBcrcC6OVR2J1CN6mUy0oSxIPo=
golang.org/x/net v0.0.0-20210525063256-abc453219eb5/go.mod h1:9nx3DQGgdP8bBQD5qxJ1jj9UTztislL4KSBs9R2vV5Y=
golang.org/x/sys v0.0.0-20210423082822-04245dca01da h1:b3NXsE2LusjYGGjL5bxEVZZORm/YEFFrWFjR8eFrw/c=
golang.org/x/sys v0.0.0-20210423082822-04245dca01da/go.mod h1:h1NjWce9XRLGQEsW7wpKNCjG9DtNlClVuFLEZdDNbEs=
golang.org/x/time v0.0.0-20191024005414-555d28b269f0 h1:/5xXl8Y5W96D+TtHSlonuFqGHIWVuyCkGJLwGh9JJFs=
golang.org/x/time v0.0.0-20191024005414-555d28b269f0/go.mod h1:tRJNPiyCQ0inRvYxbN9jk5I+vvW/OXSQhTDSoE431IQ=
